<?xml version="1.0" encoding="utf-8"?>
<Project ToolsVersion="4.0" xmlns="http://schemas.microsoft.com/developer/msbuild/2003">
  <ItemGroup>
    <Filter Include="win32">
      <UniqueIdentifier>{84a8ebd7-7cf0-47f6-b75e-d441df67da40}</UniqueIdentifier>
    </Filter>
    <Filter Include="resource">
      <UniqueIdentifier>{715254bc-d70b-4ec5-bf29-467dd3ace079}</UniqueIdentifier>
    </Filter>
    <Filter Include="src">
      <UniqueIdentifier>{bb6c862e-70e9-49d9-81b7-3829a6f50471}</UniqueIdentifier>
    </Filter>
    <Filter Include="src\AlgoParcour">
      <UniqueIdentifier>{a01ab9b7-5604-4ced-80a6-1a11848b81b3}</UniqueIdentifier>
    </Filter>
  </ItemGroup>
  <ItemGroup>
    <ClCompile Include="main.cpp">
      <Filter>win32</Filter>
    </ClCompile>
    <ClCompile Include="..\Classes\AppDelegate.cpp">
      <Filter>src</Filter>
    </ClCompile>
    <ClCompile Include="..\Classes\MainScene.cpp">
      <Filter>src</Filter>
    </ClCompile>
    <ClCompile Include="..\Classes\ToolBar.cpp">
      <Filter>src</Filter>
    </ClCompile>
    <ClCompile Include="..\Classes\ToolBarReader.cpp">
      <Filter>src</Filter>
    </ClCompile>
    <ClCompile Include="..\Classes\ButtonModule.cpp">
      <Filter>src</Filter>
    </ClCompile>
    <ClCompile Include="..\Classes\ButtonModuleReader.cpp">
      <Filter>src</Filter>
    </ClCompile>
    <ClCompile Include="..\Classes\algoParcours\AlgoParcour.cpp">
      <Filter>src\AlgoParcour</Filter>
    </ClCompile>
    <ClCompile Include="..\Classes\algoParcours\Fork.cpp">
      <Filter>src\AlgoParcour</Filter>
    </ClCompile>
    <ClCompile Include="..\Classes\algoParcours\InGE.cpp">
      <Filter>src\AlgoParcour</Filter>
    </ClCompile>
    <ClCompile Include="..\Classes\algoParcours\Intersection.cpp">
      <Filter>src\AlgoParcour</Filter>
    </ClCompile>
    <ClCompile Include="..\Classes\algoParcours\Junction.cpp">
      <Filter>src\AlgoParcour</Filter>
    </ClCompile>
    <ClCompile Include="..\Classes\algoParcours\Link.cpp">
      <Filter>src\AlgoParcour</Filter>
    </ClCompile>
    <ClCompile Include="..\Classes\algoParcours\Module.cpp">
      <Filter>src\AlgoParcour</Filter>
    </ClCompile>
    <ClCompile Include="..\Classes\algoParcours\ModuleGE.cpp">
      <Filter>src\AlgoParcour</Filter>
    </ClCompile>
    <ClCompile Include="..\Classes\algoParcours\ModuleNode.cpp">
      <Filter>src\AlgoParcour</Filter>
    </ClCompile>
    <ClCompile Include="..\Classes\algoParcours\OutGE.cpp">
      <Filter>src\AlgoParcour</Filter>
    </ClCompile>
    <ClCompile Include="..\Classes\algoParcours\PreGraph.cpp">
      <Filter>src\AlgoParcour</Filter>
    </ClCompile>
    <ClCompile Include="..\Classes\algoParcours\stdafx.cpp">
      <Filter>src\AlgoParcour</Filter>
    </ClCompile>
    <ClCompile Include="..\Classes\algoParcours\UsableGraph.cpp">
      <Filter>src\AlgoParcour</Filter>
    </ClCompile>
    <ClCompile Include="..\Classes\algoParcours\ParcourExos.cpp">
      <Filter>src\AlgoParcour</Filter>
    </ClCompile>
  </ItemGroup>
  <ItemGroup>
    <ClInclude Include="main.h">
      <Filter>win32</Filter>
    </ClInclude>
    <ClInclude Include="..\Classes\AppDelegate.h">
      <Filter>src</Filter>
    </ClInclude>
    <ClInclude Include="..\Classes\MainScene.h">
      <Filter>src</Filter>
    </ClInclude>
    <ClInclude Include="..\Classes\ToolBar.h">
      <Filter>src</Filter>
    </ClInclude>
    <ClInclude Include="..\Classes\ToolBarReader.h">
      <Filter>src</Filter>
    </ClInclude>
    <ClInclude Include="..\Classes\ButtonModule.h">
      <Filter>src</Filter>
    </ClInclude>
    <ClInclude Include="..\Classes\ButtonModuleReader.h">
      <Filter>src</Filter>
    </ClInclude>
    <ClInclude Include="..\Classes\algoParcours\AlgoParcour.h">
      <Filter>src\AlgoParcour</Filter>
    </ClInclude>
    <ClInclude Include="..\Classes\algoParcours\Fork.h">
      <Filter>src\AlgoParcour</Filter>
    </ClInclude>
    <ClInclude Include="..\Classes\algoParcours\GraphElement.h">
      <Filter>src\AlgoParcour</Filter>
    </ClInclude>
    <ClInclude Include="..\Classes\algoParcours\InGE.h">
      <Filter>src\AlgoParcour</Filter>
    </ClInclude>
    <ClInclude Include="..\Classes\algoParcours\Intersection.h">
      <Filter>src\AlgoParcour</Filter>
    </ClInclude>
    <ClInclude Include="..\Classes\algoParcours\Junction.h">
      <Filter>src\AlgoParcour</Filter>
    </ClInclude>
    <ClInclude Include="..\Classes\algoParcours\Link.h">
      <Filter>src\AlgoParcour</Filter>
    </ClInclude>
    <ClInclude Include="..\Classes\algoParcours\Module.h">
      <Filter>src\AlgoParcour</Filter>
    </ClInclude>
    <ClInclude Include="..\Classes\algoParcours\ModuleGE.h">
      <Filter>src\AlgoParcour</Filter>
    </ClInclude>
    <ClInclude Include="..\Classes\algoParcours\ModuleNode.h">
      <Filter>src\AlgoParcour</Filter>
    </ClInclude>
    <ClInclude Include="..\Classes\algoParcours\OutGE.h">
      <Filter>src\AlgoParcour</Filter>
    </ClInclude>
    <ClInclude Include="..\Classes\algoParcours\PreGraph.h">
      <Filter>src\AlgoParcour</Filter>
    </ClInclude>
    <ClInclude Include="..\Classes\algoParcours\Side.h">
      <Filter>src\AlgoParcour</Filter>
    </ClInclude>
    <ClInclude Include="..\Classes\algoParcours\stdafx.h">
      <Filter>src\AlgoParcour</Filter>
    </ClInclude>
    <ClInclude Include="..\Classes\algoParcours\targetver.h">
      <Filter>src\AlgoParcour</Filter>
    </ClInclude>
    <ClInclude Include="..\Classes\algoParcours\UsableGraph.h">
      <Filter>src\AlgoParcour</Filter>
    </ClInclude>
    <ClInclude Include="..\Classes\algoParcours\ParcourExos.h">
      <Filter>src\AlgoParcour</Filter>
    </ClInclude>
  </ItemGroup>
  <ItemGroup>
    <ResourceCompile Include="game.rc">
      <Filter>resource</Filter>
    </ResourceCompile>
  </ItemGroup>
  <ItemGroup>
    <Text Include="..\Classes\algoParcours\coutLog.txt">
      <Filter>src\AlgoParcour</Filter>
    </Text>
    <Text Include="..\Classes\algoParcours\ReadMe.txt">
      <Filter>src\AlgoParcour</Filter>
    </Text>
  </ItemGroup>
  <ItemGroup>
    <None Include="..\Classes\algoParcours\modules.csv">
      <Filter>src\AlgoParcour</Filter>
    </None>
  </ItemGroup>
</Project>