<?xml version="1.0" encoding="UTF-8" standalone="yes" ?>
<CodeBlocks_project_file>
	<FileVersion major="1" minor="6" />
	<Project>
		<Option title="Exercices" />
		<Option pch_mode="2" />
		<Option compiler="gcc" />
		<Build>
			<Target title="Debug">
				<Option output="bin/Debug/Exercices" prefix_auto="1" extension_auto="1" />
				<Option object_output="obj/Debug/" />
				<Option type="1" />
				<Option compiler="gcc" />
				<Compiler>
					<Add option="-g" />
					<Add option="-DDEBUG" />
				</Compiler>
			</Target>
			<Target title="Release">
				<Option output="bin/Release/Exercices" prefix_auto="1" extension_auto="1" />
				<Option object_output="obj/Release/" />
				<Option type="1" />
				<Option compiler="gcc" />
				<Compiler>
					<Add option="-O2" />
				</Compiler>
				<Linker>
					<Add option="-s" />
				</Linker>
			</Target>
		</Build>
		<Compiler>
			<Add option="-Wall" />
			<Add option="-fexceptions" />
		</Compiler>
		<Unit filename="Definitions.h" />
		<Unit filename="Exercice.cpp" />
		<Unit filename="Exercice.h" />
		<Unit filename="I_Loadable.h" />
		<Unit filename="I_Saveable.h" />
		<Unit filename="Learning.cpp" />
		<Unit filename="Learning.h" />
		<Unit filename="LearningList.cpp" />
		<Unit filename="LearningList.h" />
		<Unit filename="MoveLearning.cpp" />
		<Unit filename="MoveLearning.h" />
		<Unit filename="MoveRequirement.cpp" />
		<Unit filename="MoveRequirement.h" />
		<Unit filename="Parser.cpp" />
		<Unit filename="Parser.h" />
		<Unit filename="Requirement.cpp" />
		<Unit filename="Requirement.h" />
		<Unit filename="RequirementList.cpp" />
		<Unit filename="RequirementList.h" />
		<Unit filename="SubjectLearning.cpp" />
		<Unit filename="SubjectLearning.h" />
		<Unit filename="SubjectRequirement.cpp" />
		<Unit filename="SubjectRequirement.h" />
		<Unit filename="main.cpp" />
		<Unit filename="tinyxml2.cpp" />
		<Unit filename="tinyxml2.h" />
		<Extensions>
			<code_completion />
			<envvars />
			<debugger />
		</Extensions>
	</Project>
</CodeBlocks_project_file>
