<?xml version="1.0" encoding="UTF-8" standalone="yes" ?>
<CodeBlocks_project_file>
	<FileVersion major="1" minor="6" />
	<Project>
		<Option title="Exercices" />
		<Option pch_mode="2" />
		<Option compiler="gcc" />
		<Build>
			<Target title="Debug">
				<Option output="bin/Debug/Exercices" prefix_auto="1" extension_auto="1" />
				<Option object_output="obj/Debug/" />
				<Option type="1" />
				<Option compiler="gcc" />
				<Compiler>
					<Add option="-g" />
					<Add option="-DDEBUG" />
					<Add directory="src" />
					<Add directory="src/Content/DotToDot" />
				</Compiler>
			</Target>
			<Target title="Release">
				<Option output="bin/Release/Exercices" prefix_auto="1" extension_auto="1" />
				<Option object_output="obj/Release/" />
				<Option type="1" />
				<Option compiler="gcc" />
				<Compiler>
					<Add option="-O2" />
					<Add directory="src/Content/DotToDot" />
				</Compiler>
				<Linker>
					<Add option="-s" />
				</Linker>
			</Target>
		</Build>
		<Compiler>
			<Add option="-Wall" />
			<Add option="-fexceptions" />
		</Compiler>
		<Unit filename="Exception.cpp" />
		<Unit filename="Exception.h" />
		<Unit filename="src/Content/DotToDot/Dot.cpp" />
		<Unit filename="src/Content/DotToDot/Dot.h" />
		<Unit filename="src/Content/DotToDot/DotToDotExercice.cpp" />
		<Unit filename="src/Content/DotToDot/DotToDotExercice.h" />
		<Unit filename="src/Definitions.h" />
		<Unit filename="src/Exercice/Exercice.cpp" />
		<Unit filename="src/Exercice/Exercice.h" />
		<Unit filename="src/Exercice/Learning.cpp" />
		<Unit filename="src/Exercice/Learning.h" />
		<Unit filename="src/Exercice/LearningList.cpp" />
		<Unit filename="src/Exercice/LearningList.h" />
		<Unit filename="src/Exercice/MoveLearning.cpp" />
		<Unit filename="src/Exercice/MoveLearning.h" />
		<Unit filename="src/Exercice/MoveRequirement.cpp" />
		<Unit filename="src/Exercice/MoveRequirement.h" />
		<Unit filename="src/Exercice/Requirement.cpp" />
		<Unit filename="src/Exercice/Requirement.h" />
		<Unit filename="src/Exercice/RequirementList.cpp" />
		<Unit filename="src/Exercice/RequirementList.h" />
		<Unit filename="src/Exercice/SubjectLearning.cpp" />
		<Unit filename="src/Exercice/SubjectLearning.h" />
		<Unit filename="src/Exercice/SubjectRequirement.cpp" />
		<Unit filename="src/Exercice/SubjectRequirement.h" />
		<Unit filename="src/IO/I_Cloneable.h" />
		<Unit filename="src/IO/I_Loadable.h" />
		<Unit filename="src/IO/I_Saveable.h" />
		<Unit filename="src/IO/Parser.cpp" />
		<Unit filename="src/IO/Parser.h" />
		<Unit filename="src/IO/tinyxml2.cpp" />
		<Unit filename="src/IO/tinyxml2.h" />
		<Unit filename="src/main.cpp" />
		<Extensions>
			<code_completion />
			<envvars />
			<debugger />
		</Extensions>
	</Project>
</CodeBlocks_project_file>
